// !$*UTF8*$!
{
	archiveVersion = 1;
	classes = {
	};
	objectVersion = 56;
	objects = {

/* Begin PBXBuildFile section */
		B8A9B59C290C2F0C005D02D7 /* AppDelegate.swift in Sources */ = {isa = PBXBuildFile; fileRef = B8A9B59B290C2F0C005D02D7 /* AppDelegate.swift */; };
		B8A9B59E290C2F0C005D02D7 /* SceneDelegate.swift in Sources */ = {isa = PBXBuildFile; fileRef = B8A9B59D290C2F0C005D02D7 /* SceneDelegate.swift */; };
		B8A9B5A0290C2F0C005D02D7 /* WelcomeViewController.swift in Sources */ = {isa = PBXBuildFile; fileRef = B8A9B59F290C2F0C005D02D7 /* WelcomeViewController.swift */; };
		B8A9B5A3290C2F0C005D02D7 /* Main.storyboard in Resources */ = {isa = PBXBuildFile; fileRef = B8A9B5A1290C2F0C005D02D7 /* Main.storyboard */; };
		B8A9B5A5290C2F0D005D02D7 /* Assets.xcassets in Resources */ = {isa = PBXBuildFile; fileRef = B8A9B5A4290C2F0D005D02D7 /* Assets.xcassets */; };
		B8A9B5A8290C2F0D005D02D7 /* LaunchScreen.storyboard in Resources */ = {isa = PBXBuildFile; fileRef = B8A9B5A6290C2F0D005D02D7 /* LaunchScreen.storyboard */; };
		B8A9B5B0290C30B0005D02D7 /* DataStore.swift in Sources */ = {isa = PBXBuildFile; fileRef = B8A9B5AF290C30B0005D02D7 /* DataStore.swift */; };
		B8A9B5B2290C30EE005D02D7 /* Cocktail.swift in Sources */ = {isa = PBXBuildFile; fileRef = B8A9B5B1290C30EE005D02D7 /* Cocktail.swift */; };
		B8A9B5B4290C3143005D02D7 /* TabBarViewController.swift in Sources */ = {isa = PBXBuildFile; fileRef = B8A9B5B3290C3143005D02D7 /* TabBarViewController.swift */; };
		B8A9B5B8290C31D8005D02D7 /* TabBarStoryboard.storyboard in Resources */ = {isa = PBXBuildFile; fileRef = B8A9B5B7290C31D8005D02D7 /* TabBarStoryboard.storyboard */; };
		B8A9B5BA290C32C9005D02D7 /* IngredientsStoryboard.storyboard in Resources */ = {isa = PBXBuildFile; fileRef = B8A9B5B9290C32C9005D02D7 /* IngredientsStoryboard.storyboard */; };
		B8A9B5BC290C3361005D02D7 /* IngredientsTableViewController.swift in Sources */ = {isa = PBXBuildFile; fileRef = B8A9B5BB290C3361005D02D7 /* IngredientsTableViewController.swift */; };
		B8A9B5BE290C346B005D02D7 /* PossibleCocktailsStoryboard.storyboard in Resources */ = {isa = PBXBuildFile; fileRef = B8A9B5BD290C346B005D02D7 /* PossibleCocktailsStoryboard.storyboard */; };
		B8A9B5C0290C34EE005D02D7 /* PossibleCocktailsTableViewController.swift in Sources */ = {isa = PBXBuildFile; fileRef = B8A9B5BF290C34EE005D02D7 /* PossibleCocktailsTableViewController.swift */; };
/* End PBXBuildFile section */

/* Begin PBXFileReference section */
		B8A9B598290C2F0C005D02D7 /* HomeBar.app */ = {isa = PBXFileReference; explicitFileType = wrapper.application; includeInIndex = 0; path = HomeBar.app; sourceTree = BUILT_PRODUCTS_DIR; };
		B8A9B59B290C2F0C005D02D7 /* AppDelegate.swift */ = {isa = PBXFileReference; lastKnownFileType = sourcecode.swift; path = AppDelegate.swift; sourceTree = "<group>"; };
		B8A9B59D290C2F0C005D02D7 /* SceneDelegate.swift */ = {isa = PBXFileReference; lastKnownFileType = sourcecode.swift; path = SceneDelegate.swift; sourceTree = "<group>"; };
		B8A9B59F290C2F0C005D02D7 /* WelcomeViewController.swift */ = {isa = PBXFileReference; lastKnownFileType = sourcecode.swift; path = WelcomeViewController.swift; sourceTree = "<group>"; };
		B8A9B5A2290C2F0C005D02D7 /* Base */ = {isa = PBXFileReference; lastKnownFileType = file.storyboard; name = Base; path = Base.lproj/Main.storyboard; sourceTree = "<group>"; };
		B8A9B5A4290C2F0D005D02D7 /* Assets.xcassets */ = {isa = PBXFileReference; lastKnownFileType = folder.assetcatalog; path = Assets.xcassets; sourceTree = "<group>"; };
		B8A9B5A7290C2F0D005D02D7 /* Base */ = {isa = PBXFileReference; lastKnownFileType = file.storyboard; name = Base; path = Base.lproj/LaunchScreen.storyboard; sourceTree = "<group>"; };
		B8A9B5A9290C2F0D005D02D7 /* Info.plist */ = {isa = PBXFileReference; lastKnownFileType = text.plist.xml; path = Info.plist; sourceTree = "<group>"; };
		B8A9B5AF290C30B0005D02D7 /* DataStore.swift */ = {isa = PBXFileReference; lastKnownFileType = sourcecode.swift; path = DataStore.swift; sourceTree = "<group>"; };
		B8A9B5B1290C30EE005D02D7 /* Cocktail.swift */ = {isa = PBXFileReference; lastKnownFileType = sourcecode.swift; path = Cocktail.swift; sourceTree = "<group>"; };
		B8A9B5B3290C3143005D02D7 /* TabBarViewController.swift */ = {isa = PBXFileReference; lastKnownFileType = sourcecode.swift; path = TabBarViewController.swift; sourceTree = "<group>"; };
		B8A9B5B7290C31D8005D02D7 /* TabBarStoryboard.storyboard */ = {isa = PBXFileReference; lastKnownFileType = file.storyboard; path = TabBarStoryboard.storyboard; sourceTree = "<group>"; };
		B8A9B5B9290C32C9005D02D7 /* IngredientsStoryboard.storyboard */ = {isa = PBXFileReference; lastKnownFileType = file.storyboard; path = IngredientsStoryboard.storyboard; sourceTree = "<group>"; };
		B8A9B5BB290C3361005D02D7 /* IngredientsTableViewController.swift */ = {isa = PBXFileReference; lastKnownFileType = sourcecode.swift; path = IngredientsTableViewController.swift; sourceTree = "<group>"; };
		B8A9B5BD290C346B005D02D7 /* PossibleCocktailsStoryboard.storyboard */ = {isa = PBXFileReference; lastKnownFileType = file.storyboard; path = PossibleCocktailsStoryboard.storyboard; sourceTree = "<group>"; };
		B8A9B5BF290C34EE005D02D7 /* PossibleCocktailsTableViewController.swift */ = {isa = PBXFileReference; lastKnownFileType = sourcecode.swift; path = PossibleCocktailsTableViewController.swift; sourceTree = "<group>"; };
/* End PBXFileReference section */

/* Begin PBXFrameworksBuildPhase section */
		B8A9B595290C2F0C005D02D7 /* Frameworks */ = {
			isa = PBXFrameworksBuildPhase;
			buildActionMask = 2147483647;
			files = (
			);
			runOnlyForDeploymentPostprocessing = 0;
		};
/* End PBXFrameworksBuildPhase section */

/* Begin PBXGroup section */
		B8A9B58F290C2F0C005D02D7 = {
			isa = PBXGroup;
			children = (
				B8A9B59A290C2F0C005D02D7 /* HomeBar */,
				B8A9B599290C2F0C005D02D7 /* Products */,
			);
			sourceTree = "<group>";
		};
		B8A9B599290C2F0C005D02D7 /* Products */ = {
			isa = PBXGroup;
			children = (
				B8A9B598290C2F0C005D02D7 /* HomeBar.app */,
			);
			name = Products;
			sourceTree = "<group>";
		};
		B8A9B59A290C2F0C005D02D7 /* HomeBar */ = {
			isa = PBXGroup;
			children = (
				B8A9B59B290C2F0C005D02D7 /* AppDelegate.swift */,
				B8A9B59D290C2F0C005D02D7 /* SceneDelegate.swift */,
				B8A9B5A4290C2F0D005D02D7 /* Assets.xcassets */,
				B8A9B5A9290C2F0D005D02D7 /* Info.plist */,
				B8A9B5AF290C30B0005D02D7 /* DataStore.swift */,
				B8A9B5B1290C30EE005D02D7 /* Cocktail.swift */,
				B8A9B5A6290C2F0D005D02D7 /* LaunchScreen.storyboard */,
				B8A9B5A1290C2F0C005D02D7 /* Main.storyboard */,
				B8A9B59F290C2F0C005D02D7 /* WelcomeViewController.swift */,
				B8A9B5B7290C31D8005D02D7 /* TabBarStoryboard.storyboard */,
				B8A9B5B3290C3143005D02D7 /* TabBarViewController.swift */,
				B8A9B5B9290C32C9005D02D7 /* IngredientsStoryboard.storyboard */,
				B8A9B5BB290C3361005D02D7 /* IngredientsTableViewController.swift */,
				B8A9B5BD290C346B005D02D7 /* PossibleCocktailsStoryboard.storyboard */,
				B8A9B5BF290C34EE005D02D7 /* PossibleCocktailsTableViewController.swift */,
			);
			path = HomeBar;
			sourceTree = "<group>";
		};
/* End PBXGroup section */

/* Begin PBXNativeTarget section */
		B8A9B597290C2F0C005D02D7 /* HomeBar */ = {
			isa = PBXNativeTarget;
			buildConfigurationList = B8A9B5AC290C2F0D005D02D7 /* Build configuration list for PBXNativeTarget "HomeBar" */;
			buildPhases = (
				B8A9B594290C2F0C005D02D7 /* Sources */,
				B8A9B595290C2F0C005D02D7 /* Frameworks */,
				B8A9B596290C2F0C005D02D7 /* Resources */,
			);
			buildRules = (
			);
			dependencies = (
			);
			name = HomeBar;
			productName = HomeBar;
			productReference = B8A9B598290C2F0C005D02D7 /* HomeBar.app */;
			productType = "com.apple.product-type.application";
		};
/* End PBXNativeTarget section */

/* Begin PBXProject section */
		B8A9B590290C2F0C005D02D7 /* Project object */ = {
			isa = PBXProject;
			attributes = {
				BuildIndependentTargetsInParallel = 1;
				LastSwiftUpdateCheck = 1400;
				LastUpgradeCheck = 1400;
				TargetAttributes = {
					B8A9B597290C2F0C005D02D7 = {
						CreatedOnToolsVersion = 14.0.1;
					};
				};
			};
			buildConfigurationList = B8A9B593290C2F0C005D02D7 /* Build configuration list for PBXProject "HomeBar" */;
			compatibilityVersion = "Xcode 14.0";
			developmentRegion = en;
			hasScannedForEncodings = 0;
			knownRegions = (
				en,
				Base,
			);
			mainGroup = B8A9B58F290C2F0C005D02D7;
			productRefGroup = B8A9B599290C2F0C005D02D7 /* Products */;
			projectDirPath = "";
			projectRoot = "";
			targets = (
				B8A9B597290C2F0C005D02D7 /* HomeBar */,
			);
		};
/* End PBXProject section */

/* Begin PBXResourcesBuildPhase section */
		B8A9B596290C2F0C005D02D7 /* Resources */ = {
			isa = PBXResourcesBuildPhase;
			buildActionMask = 2147483647;
			files = (
				B8A9B5A8290C2F0D005D02D7 /* LaunchScreen.storyboard in Resources */,
				B8A9B5A5290C2F0D005D02D7 /* Assets.xcassets in Resources */,
				B8A9B5A3290C2F0C005D02D7 /* Main.storyboard in Resources */,
				B8A9B5BA290C32C9005D02D7 /* IngredientsStoryboard.storyboard in Resources */,
				B8A9B5BE290C346B005D02D7 /* PossibleCocktailsStoryboard.storyboard in Resources */,
				B8A9B5B8290C31D8005D02D7 /* TabBarStoryboard.storyboard in Resources */,
			);
			runOnlyForDeploymentPostprocessing = 0;
		};
/* End PBXResourcesBuildPhase section */

/* Begin PBXSourcesBuildPhase section */
		B8A9B594290C2F0C005D02D7 /* Sources */ = {
			isa = PBXSourcesBuildPhase;
			buildActionMask = 2147483647;
			files = (
				B8A9B5A0290C2F0C005D02D7 /* WelcomeViewController.swift in Sources */,
				B8A9B5B0290C30B0005D02D7 /* DataStore.swift in Sources */,
				B8A9B5BC290C3361005D02D7 /* IngredientsTableViewController.swift in Sources */,
				B8A9B59C290C2F0C005D02D7 /* AppDelegate.swift in Sources */,
				B8A9B5B2290C30EE005D02D7 /* Cocktail.swift in Sources */,
				B8A9B5B4290C3143005D02D7 /* TabBarViewController.swift in Sources */,
				B8A9B59E290C2F0C005D02D7 /* SceneDelegate.swift in Sources */,
				B8A9B5C0290C34EE005D02D7 /* PossibleCocktailsTableViewController.swift in Sources */,
			);
			runOnlyForDeploymentPostprocessing = 0;
		};
/* End PBXSourcesBuildPhase section */

/* Begin PBXVariantGroup section */
		B8A9B5A1290C2F0C005D02D7 /* Main.storyboard */ = {
			isa = PBXVariantGroup;
			children = (
				B8A9B5A2290C2F0C005D02D7 /* Base */,
			);
			name = Main.storyboard;
			sourceTree = "<group>";
		};
		B8A9B5A6290C2F0D005D02D7 /* LaunchScreen.storyboard */ = {
			isa = PBXVariantGroup;
			children = (
				B8A9B5A7290C2F0D005D02D7 /* Base */,
			);
			name = LaunchScreen.storyboard;
			sourceTree = "<group>";
		};
/* End PBXVariantGroup section */

/* Begin XCBuildConfiguration section */
		B8A9B5AA290C2F0D005D02D7 /* Debug */ = {
			isa = XCBuildConfiguration;
			buildSettings = {
				ALWAYS_SEARCH_USER_PATHS = NO;
				CLANG_ANALYZER_NONNULL = YES;
				CLANG_ANALYZER_NUMBER_OBJECT_CONVERSION = YES_AGGRESSIVE;
				CLANG_CXX_LANGUAGE_STANDARD = "gnu++20";
				CLANG_ENABLE_MODULES = YES;
				CLANG_ENABLE_OBJC_ARC = YES;
				CLANG_ENABLE_OBJC_WEAK = YES;
				CLANG_WARN_BLOCK_CAPTURE_AUTORELEASING = YES;
				CLANG_WARN_BOOL_CONVERSION = YES;
				CLANG_WARN_COMMA = YES;
				CLANG_WARN_CONSTANT_CONVERSION = YES;
				CLANG_WARN_DEPRECATED_OBJC_IMPLEMENTATIONS = YES;
				CLANG_WARN_DIRECT_OBJC_ISA_USAGE = YES_ERROR;
				CLANG_WARN_DOCUMENTATION_COMMENTS = YES;
				CLANG_WARN_EMPTY_BODY = YES;
				CLANG_WARN_ENUM_CONVERSION = YES;
				CLANG_WARN_INFINITE_RECURSION = YES;
				CLANG_WARN_INT_CONVERSION = YES;
				CLANG_WARN_NON_LITERAL_NULL_CONVERSION = YES;
				CLANG_WARN_OBJC_IMPLICIT_RETAIN_SELF = YES;
				CLANG_WARN_OBJC_LITERAL_CONVERSION = YES;
				CLANG_WARN_OBJC_ROOT_CLASS = YES_ERROR;
				CLANG_WARN_QUOTED_INCLUDE_IN_FRAMEWORK_HEADER = YES;
				CLANG_WARN_RANGE_LOOP_ANALYSIS = YES;
				CLANG_WARN_STRICT_PROTOTYPES = YES;
				CLANG_WARN_SUSPICIOUS_MOVE = YES;
				CLANG_WARN_UNGUARDED_AVAILABILITY = YES_AGGRESSIVE;
				CLANG_WARN_UNREACHABLE_CODE = YES;
				CLANG_WARN__DUPLICATE_METHOD_MATCH = YES;
				COPY_PHASE_STRIP = NO;
				DEBUG_INFORMATION_FORMAT = dwarf;
				ENABLE_STRICT_OBJC_MSGSEND = YES;
				ENABLE_TESTABILITY = YES;
				GCC_C_LANGUAGE_STANDARD = gnu11;
				GCC_DYNAMIC_NO_PIC = NO;
				GCC_NO_COMMON_BLOCKS = YES;
				GCC_OPTIMIZATION_LEVEL = 0;
				GCC_PREPROCESSOR_DEFINITIONS = (
					"DEBUG=1",
					"$(inherited)",
				);
				GCC_WARN_64_TO_32_BIT_CONVERSION = YES;
				GCC_WARN_ABOUT_RETURN_TYPE = YES_ERROR;
				GCC_WARN_UNDECLARED_SELECTOR = YES;
				GCC_WARN_UNINITIALIZED_AUTOS = YES_AGGRESSIVE;
				GCC_WARN_UNUSED_FUNCTION = YES;
				GCC_WARN_UNUSED_VARIABLE = YES;
				IPHONEOS_DEPLOYMENT_TARGET = 16.0;
				MTL_ENABLE_DEBUG_INFO = INCLUDE_SOURCE;
				MTL_FAST_MATH = YES;
				ONLY_ACTIVE_ARCH = YES;
				SDKROOT = iphoneos;
				SWIFT_ACTIVE_COMPILATION_CONDITIONS = DEBUG;
				SWIFT_OPTIMIZATION_LEVEL = "-Onone";
			};
			name = Debug;
		};
		B8A9B5AB290C2F0D005D02D7 /* Release */ = {
			isa = XCBuildConfiguration;
			buildSettings = {
				ALWAYS_SEARCH_USER_PATHS = NO;
				CLANG_ANALYZER_NONNULL = YES;
				CLANG_ANALYZER_NUMBER_OBJECT_CONVERSION = YES_AGGRESSIVE;
				CLANG_CXX_LANGUAGE_STANDARD = "gnu++20";
				CLANG_ENABLE_MODULES = YES;
				CLANG_ENABLE_OBJC_ARC = YES;
				CLANG_ENABLE_OBJC_WEAK = YES;
				CLANG_WARN_BLOCK_CAPTURE_AUTORELEASING = YES;
				CLANG_WARN_BOOL_CONVERSION = YES;
				CLANG_WARN_COMMA = YES;
				CLANG_WARN_CONSTANT_CONVERSION = YES;
				CLANG_WARN_DEPRECATED_OBJC_IMPLEMENTATIONS = YES;
				CLANG_WARN_DIRECT_OBJC_ISA_USAGE = YES_ERROR;
				CLANG_WARN_DOCUMENTATION_COMMENTS = YES;
				CLANG_WARN_EMPTY_BODY = YES;
				CLANG_WARN_ENUM_CONVERSION = YES;
				CLANG_WARN_INFINITE_RECURSION = YES;
				CLANG_WARN_INT_CONVERSION = YES;
				CLANG_WARN_NON_LITERAL_NULL_CONVERSION = YES;
				CLANG_WARN_OBJC_IMPLICIT_RETAIN_SELF = YES;
				CLANG_WARN_OBJC_LITERAL_CONVERSION = YES;
				CLANG_WARN_OBJC_ROOT_CLASS = YES_ERROR;
				CLANG_WARN_QUOTED_INCLUDE_IN_FRAMEWORK_HEADER = YES;
				CLANG_WARN_RANGE_LOOP_ANALYSIS = YES;
				CLANG_WARN_STRICT_PROTOTYPES = YES;
				CLANG_WARN_SUSPICIOUS_MOVE = YES;
				CLANG_WARN_UNGUARDED_AVAILABILITY = YES_AGGRESSIVE;
				CLANG_WARN_UNREACHABLE_CODE = YES;
				CLANG_WARN__DUPLICATE_METHOD_MATCH = YES;
				COPY_PHASE_STRIP = NO;
				DEBUG_INFORMATION_FORMAT = "dwarf-with-dsym";
				ENABLE_NS_ASSERTIONS = NO;
				ENABLE_STRICT_OBJC_MSGSEND = YES;
				GCC_C_LANGUAGE_STANDARD = gnu11;
				GCC_NO_COMMON_BLOCKS = YES;
				GCC_WARN_64_TO_32_BIT_CONVERSION = YES;
				GCC_WARN_ABOUT_RETURN_TYPE = YES_ERROR;
				GCC_WARN_UNDECLARED_SELECTOR = YES;
				GCC_WARN_UNINITIALIZED_AUTOS = YES_AGGRESSIVE;
				GCC_WARN_UNUSED_FUNCTION = YES;
				GCC_WARN_UNUSED_VARIABLE = YES;
				IPHONEOS_DEPLOYMENT_TARGET = 16.0;
				MTL_ENABLE_DEBUG_INFO = NO;
				MTL_FAST_MATH = YES;
				SDKROOT = iphoneos;
				SWIFT_COMPILATION_MODE = wholemodule;
				SWIFT_OPTIMIZATION_LEVEL = "-O";
				VALIDATE_PRODUCT = YES;
			};
			name = Release;
		};
		B8A9B5AD290C2F0D005D02D7 /* Debug */ = {
			isa = XCBuildConfiguration;
			buildSettings = {
				ASSETCATALOG_COMPILER_APPICON_NAME = AppIcon;
				ASSETCATALOG_COMPILER_GLOBAL_ACCENT_COLOR_NAME = AccentColor;
				CODE_SIGN_STYLE = Automatic;
				CURRENT_PROJECT_VERSION = 1;
				DEVELOPMENT_TEAM = S3FDYF8UUF;
				GENERATE_INFOPLIST_FILE = YES;
				INFOPLIST_FILE = HomeBar/Info.plist;
				INFOPLIST_KEY_UIApplicationSupportsIndirectInputEvents = YES;
				INFOPLIST_KEY_UILaunchStoryboardName = LaunchScreen;
				INFOPLIST_KEY_UIMainStoryboardFile = Main;
				INFOPLIST_KEY_UISupportedInterfaceOrientations_iPad = "UIInterfaceOrientationPortrait UIInterfaceOrientationPortraitUpsideDown UIInterfaceOrientationLandscapeLeft UIInterfaceOrientationLandscapeRight";
				INFOPLIST_KEY_UISupportedInterfaceOrientations_iPhone = "UIInterfaceOrientationPortrait UIInterfaceOrientationLandscapeLeft UIInterfaceOrientationLandscapeRight";
				LD_RUNPATH_SEARCH_PATHS = (
					"$(inherited)",
					"@executable_path/Frameworks",
				);
				MARKETING_VERSION = 1.0;
				PRODUCT_BUNDLE_IDENTIFIER = "nu-shtosh.HomeBar";
				PRODUCT_NAME = "$(TARGET_NAME)";
				SWIFT_EMIT_LOC_STRINGS = YES;
				SWIFT_VERSION = 5.0;
				TARGETED_DEVICE_FAMILY = "1,2";
			};
			name = Debug;
		};
		B8A9B5AE290C2F0D005D02D7 /* Release */ = {
			isa = XCBuildConfiguration;
			buildSettings = {
				ASSETCATALOG_COMPILER_APPICON_NAME = AppIcon;
				ASSETCATALOG_COMPILER_GLOBAL_ACCENT_COLOR_NAME = AccentColor;
				CODE_SIGN_STYLE = Automatic;
				CURRENT_PROJECT_VERSION = 1;
				DEVELOPMENT_TEAM = S3FDYF8UUF;
				GENERATE_INFOPLIST_FILE = YES;
				INFOPLIST_FILE = HomeBar/Info.plist;
				INFOPLIST_KEY_UIApplicationSupportsIndirectInputEvents = YES;
				INFOPLIST_KEY_UILaunchStoryboardName = LaunchScreen;
				INFOPLIST_KEY_UIMainStoryboardFile = Main;
				INFOPLIST_KEY_UISupportedInterfaceOrientations_iPad = "UIInterfaceOrientationPortrait UIInterfaceOrientationPortraitUpsideDown UIInterfaceOrientationLandscapeLeft UIInterfaceOrientationLandscapeRight";
				INFOPLIST_KEY_UISupportedInterfaceOrientations_iPhone = "UIInterfaceOrientationPortrait UIInterfaceOrientationLandscapeLeft UIInterfaceOrientationLandscapeRight";
				LD_RUNPATH_SEARCH_PATHS = (
					"$(inherited)",
					"@executable_path/Frameworks",
				);
				MARKETING_VERSION = 1.0;
				PRODUCT_BUNDLE_IDENTIFIER = "nu-shtosh.HomeBar";
				PRODUCT_NAME = "$(TARGET_NAME)";
				SWIFT_EMIT_LOC_STRINGS = YES;
				SWIFT_VERSION = 5.0;
				TARGETED_DEVICE_FAMILY = "1,2";
			};
			name = Release;
		};
/* End XCBuildConfiguration section */

/* Begin XCConfigurationList section */
		B8A9B593290C2F0C005D02D7 /* Build configuration list for PBXProject "HomeBar" */ = {
			isa = XCConfigurationList;
			buildConfigurations = (
				B8A9B5AA290C2F0D005D02D7 /* Debug */,
				B8A9B5AB290C2F0D005D02D7 /* Release */,
			);
			defaultConfigurationIsVisible = 0;
			defaultConfigurationName = Release;
		};
		B8A9B5AC290C2F0D005D02D7 /* Build configuration list for PBXNativeTarget "HomeBar" */ = {
			isa = XCConfigurationList;
			buildConfigurations = (
				B8A9B5AD290C2F0D005D02D7 /* Debug */,
				B8A9B5AE290C2F0D005D02D7 /* Release */,
			);
			defaultConfigurationIsVisible = 0;
			defaultConfigurationName = Release;
		};
/* End XCConfigurationList section */
	};
	rootObject = B8A9B590290C2F0C005D02D7 /* Project object */;
}
